
Microsoft Visual Studio Solution File, Format Version 12.00
# Visual Studio 15
VisualStudioVersion = 15.0.27004.2008
MinimumVisualStudioVersion = 10.0.40219.1
Project("{FAE04EC0-301F-11D3-BF4B-00C04F79EFBC}") = "WorkingOnClasses", "ConsoleApp2\WorkingOnClasses.csproj", "{8AA94D75-77B7-4F16-9E88-DC15DE375EBE}"
EndProject
Global
	GlobalSection(SolutionConfigurationPlatforms) = preSolution
		Debug|Any CPU = Debug|Any CPU
		Release|Any CPU = Release|Any CPU
	EndGlobalSection
	GlobalSection(ProjectConfigurationPlatforms) = postSolution
		{8AA94D75-77B7-4F16-9E88-DC15DE375EBE}.Debug|Any CPU.ActiveCfg = Debug|Any CPU
		{8AA94D75-77B7-4F16-9E88-DC15DE375EBE}.Debug|Any CPU.Build.0 = Debug|Any CPU
		{8AA94D75-77B7-4F16-9E88-DC15DE375EBE}.Release|Any CPU.ActiveCfg = Release|Any CPU
		{8AA94D75-77B7-4F16-9E88-DC15DE375EBE}.Release|Any CPU.Build.0 = Release|Any CPU
	EndGlobalSection
	GlobalSection(SolutionProperties) = preSolution
		HideSolutionNode = FALSE
	EndGlobalSection
	GlobalSection(ExtensibilityGlobals) = postSolution
		SolutionGuid = {BCBB0624-B4B2-4DDB-B631-7937AD2EA8CC}
	EndGlobalSection
EndGlobal
